// !$*UTF8*$!
{
	archiveVersion = 1;
	classes = {
	};
	objectVersion = 50;
	objects = {

/* Begin PBXBuildFile section */
		565CC3C5219D496300AD1CAC /* AppIntoModel.swift in Sources */ = {isa = PBXBuildFile; fileRef = 565CC3C4219D496300AD1CAC /* AppIntoModel.swift */; };
		565CC3C7219D4A1A00AD1CAC /* AppIntroViewModel.swift in Sources */ = {isa = PBXBuildFile; fileRef = 565CC3C6219D4A1A00AD1CAC /* AppIntroViewModel.swift */; };
		565CC3C8219D7ACE00AD1CAC /* ViewController1.xib in Resources */ = {isa = PBXBuildFile; fileRef = 5668CAE8219C57A4009D8A12 /* ViewController1.xib */; };
		565CC3CE219D842C00AD1CAC /* Main.storyboard in Resources */ = {isa = PBXBuildFile; fileRef = 565CC3CD219D842C00AD1CAC /* Main.storyboard */; };
		565CC3D0219D843800AD1CAC /* PageContentViewController.swift in Sources */ = {isa = PBXBuildFile; fileRef = 565CC3CF219D843800AD1CAC /* PageContentViewController.swift */; };
		5668CAD4219C51E9009D8A12 /* AppDelegate.swift in Sources */ = {isa = PBXBuildFile; fileRef = 5668CAD3219C51E9009D8A12 /* AppDelegate.swift */; };
		5668CADB219C51F7009D8A12 /* Assets.xcassets in Resources */ = {isa = PBXBuildFile; fileRef = 5668CADA219C51F7009D8A12 /* Assets.xcassets */; };
		5668CADE219C51F7009D8A12 /* LaunchScreen.storyboard in Resources */ = {isa = PBXBuildFile; fileRef = 5668CADC219C51F7009D8A12 /* LaunchScreen.storyboard */; };
		5668CAE6219C569B009D8A12 /* AppIntroPageViewController.swift in Sources */ = {isa = PBXBuildFile; fileRef = 5668CAE5219C569B009D8A12 /* AppIntroPageViewController.swift */; };
		5668CAE9219C57A4009D8A12 /* ViewController1.swift in Sources */ = {isa = PBXBuildFile; fileRef = 5668CAE7219C57A4009D8A12 /* ViewController1.swift */; };
/* End PBXBuildFile section */

/* Begin PBXFileReference section */
		565CC3C4219D496300AD1CAC /* AppIntoModel.swift */ = {isa = PBXFileReference; lastKnownFileType = sourcecode.swift; path = AppIntoModel.swift; sourceTree = "<group>"; };
		565CC3C6219D4A1A00AD1CAC /* AppIntroViewModel.swift */ = {isa = PBXFileReference; lastKnownFileType = sourcecode.swift; path = AppIntroViewModel.swift; sourceTree = "<group>"; };
		565CC3CD219D842C00AD1CAC /* Main.storyboard */ = {isa = PBXFileReference; fileEncoding = 4; lastKnownFileType = file.storyboard; path = Main.storyboard; sourceTree = "<group>"; };
		565CC3CF219D843800AD1CAC /* PageContentViewController.swift */ = {isa = PBXFileReference; fileEncoding = 4; lastKnownFileType = sourcecode.swift; path = PageContentViewController.swift; sourceTree = "<group>"; };
		5668CAD0219C51E9009D8A12 /* AppIntro.app */ = {isa = PBXFileReference; explicitFileType = wrapper.application; includeInIndex = 0; path = AppIntro.app; sourceTree = BUILT_PRODUCTS_DIR; };
		5668CAD3219C51E9009D8A12 /* AppDelegate.swift */ = {isa = PBXFileReference; lastKnownFileType = sourcecode.swift; path = AppDelegate.swift; sourceTree = "<group>"; };
		5668CADA219C51F7009D8A12 /* Assets.xcassets */ = {isa = PBXFileReference; lastKnownFileType = folder.assetcatalog; path = Assets.xcassets; sourceTree = "<group>"; };
		5668CADD219C51F7009D8A12 /* Base */ = {isa = PBXFileReference; lastKnownFileType = file.storyboard; name = Base; path = Base.lproj/LaunchScreen.storyboard; sourceTree = "<group>"; };
		5668CADF219C51F7009D8A12 /* Info.plist */ = {isa = PBXFileReference; lastKnownFileType = text.plist.xml; path = Info.plist; sourceTree = "<group>"; };
		5668CAE5219C569B009D8A12 /* AppIntroPageViewController.swift */ = {isa = PBXFileReference; lastKnownFileType = sourcecode.swift; path = AppIntroPageViewController.swift; sourceTree = "<group>"; };
		5668CAE7219C57A4009D8A12 /* ViewController1.swift */ = {isa = PBXFileReference; lastKnownFileType = sourcecode.swift; path = ViewController1.swift; sourceTree = "<group>"; };
		5668CAE8219C57A4009D8A12 /* ViewController1.xib */ = {isa = PBXFileReference; lastKnownFileType = file.xib; path = ViewController1.xib; sourceTree = "<group>"; };
/* End PBXFileReference section */

/* Begin PBXFrameworksBuildPhase section */
		5668CACD219C51E9009D8A12 /* Frameworks */ = {
			isa = PBXFrameworksBuildPhase;
			buildActionMask = 2147483647;
			files = (
			);
			runOnlyForDeploymentPostprocessing = 0;
		};
/* End PBXFrameworksBuildPhase section */

/* Begin PBXGroup section */
		5668CAC7219C51E9009D8A12 = {
			isa = PBXGroup;
			children = (
				5668CAD2219C51E9009D8A12 /* AppIntro */,
				5668CAD1219C51E9009D8A12 /* Products */,
			);
			sourceTree = "<group>";
		};
		5668CAD1219C51E9009D8A12 /* Products */ = {
			isa = PBXGroup;
			children = (
				5668CAD0219C51E9009D8A12 /* AppIntro.app */,
			);
			name = Products;
			sourceTree = "<group>";
		};
		5668CAD2219C51E9009D8A12 /* AppIntro */ = {
			isa = PBXGroup;
			children = (
				565CC3CD219D842C00AD1CAC /* Main.storyboard */,
				5668CAD3219C51E9009D8A12 /* AppDelegate.swift */,
				5668CADA219C51F7009D8A12 /* Assets.xcassets */,
				5668CADC219C51F7009D8A12 /* LaunchScreen.storyboard */,
				5668CADF219C51F7009D8A12 /* Info.plist */,
				5668CAE5219C569B009D8A12 /* AppIntroPageViewController.swift */,
				565CC3C4219D496300AD1CAC /* AppIntoModel.swift */,
				565CC3C6219D4A1A00AD1CAC /* AppIntroViewModel.swift */,
				5668CAE7219C57A4009D8A12 /* ViewController1.swift */,
				5668CAE8219C57A4009D8A12 /* ViewController1.xib */,
				565CC3CF219D843800AD1CAC /* PageContentViewController.swift */,
			);
			path = AppIntro;
			sourceTree = "<group>";
		};
/* End PBXGroup section */

/* Begin PBXNativeTarget section */
		5668CACF219C51E9009D8A12 /* AppIntro */ = {
			isa = PBXNativeTarget;
			buildConfigurationList = 5668CAE2219C51F7009D8A12 /* Build configuration list for PBXNativeTarget "AppIntro" */;
			buildPhases = (
				5668CACC219C51E9009D8A12 /* Sources */,
				5668CACD219C51E9009D8A12 /* Frameworks */,
				5668CACE219C51E9009D8A12 /* Resources */,
			);
			buildRules = (
			);
			dependencies = (
			);
			name = AppIntro;
			productName = AppIntro;
			productReference = 5668CAD0219C51E9009D8A12 /* AppIntro.app */;
			productType = "com.apple.product-type.application";
		};
/* End PBXNativeTarget section */

/* Begin PBXProject section */
		5668CAC8219C51E9009D8A12 /* Project object */ = {
			isa = PBXProject;
			attributes = {
				LastSwiftUpdateCheck = 0940;
				LastUpgradeCheck = 0940;
				ORGANIZATIONNAME = "Shantaram Kokate";
				TargetAttributes = {
					5668CACF219C51E9009D8A12 = {
						CreatedOnToolsVersion = 9.4;
					};
				};
			};
			buildConfigurationList = 5668CACB219C51E9009D8A12 /* Build configuration list for PBXProject "AppIntro" */;
			compatibilityVersion = "Xcode 9.3";
			developmentRegion = en;
			hasScannedForEncodings = 0;
			knownRegions = (
				en,
				Base,
			);
			mainGroup = 5668CAC7219C51E9009D8A12;
			productRefGroup = 5668CAD1219C51E9009D8A12 /* Products */;
			projectDirPath = "";
			projectRoot = "";
			targets = (
				5668CACF219C51E9009D8A12 /* AppIntro */,
			);
		};
/* End PBXProject section */

/* Begin PBXResourcesBuildPhase section */
		5668CACE219C51E9009D8A12 /* Resources */ = {
			isa = PBXResourcesBuildPhase;
			buildActionMask = 2147483647;
			files = (
				565CC3C8219D7ACE00AD1CAC /* ViewController1.xib in Resources */,
				565CC3CE219D842C00AD1CAC /* Main.storyboard in Resources */,
				5668CADE219C51F7009D8A12 /* LaunchScreen.storyboard in Resources */,
				5668CADB219C51F7009D8A12 /* Assets.xcassets in Resources */,
			);
			runOnlyForDeploymentPostprocessing = 0;
		};
/* End PBXResourcesBuildPhase section */

/* Begin PBXSourcesBuildPhase section */
		5668CACC219C51E9009D8A12 /* Sources */ = {
			isa = PBXSourcesBuildPhase;
			buildActionMask = 2147483647;
			files = (
				565CC3C7219D4A1A00AD1CAC /* AppIntroViewModel.swift in Sources */,
				5668CAE9219C57A4009D8A12 /* ViewController1.swift in Sources */,
				565CC3C5219D496300AD1CAC /* AppIntoModel.swift in Sources */,
				565CC3D0219D843800AD1CAC /* PageContentViewController.swift in Sources */,
				5668CAE6219C569B009D8A12 /* AppIntroPageViewController.swift in Sources */,
				5668CAD4219C51E9009D8A12 /* AppDelegate.swift in Sources */,
			);
			runOnlyForDeploymentPostprocessing = 0;
		};
/* End PBXSourcesBuildPhase section */

/* Begin PBXVariantGroup section */
		5668CADC219C51F7009D8A12 /* LaunchScreen.storyboard */ = {
			isa = PBXVariantGroup;
			children = (
				5668CADD219C51F7009D8A12 /* Base */,
			);
			name = LaunchScreen.storyboard;
			sourceTree = "<group>";
		};
/* End PBXVariantGroup section */

/* Begin XCBuildConfiguration section */
		5668CAE0219C51F7009D8A12 /* Debug */ = {
			isa = XCBuildConfiguration;
			buildSettings = {
				ALWAYS_SEARCH_USER_PATHS = NO;
				CLANG_ANALYZER_NONNULL = YES;
				CLANG_ANALYZER_NUMBER_OBJECT_CONVERSION = YES_AGGRESSIVE;
				CLANG_CXX_LANGUAGE_STANDARD = "gnu++14";
				CLANG_CXX_LIBRARY = "libc++";
				CLANG_ENABLE_MODULES = YES;
				CLANG_ENABLE_OBJC_ARC = YES;
				CLANG_ENABLE_OBJC_WEAK = YES;
				CLANG_WARN_BLOCK_CAPTURE_AUTORELEASING = YES;
				CLANG_WARN_BOOL_CONVERSION = YES;
				CLANG_WARN_COMMA = YES;
				CLANG_WARN_CONSTANT_CONVERSION = YES;
				CLANG_WARN_DEPRECATED_OBJC_IMPLEMENTATIONS = YES;
				CLANG_WARN_DIRECT_OBJC_ISA_USAGE = YES_ERROR;
				CLANG_WARN_DOCUMENTATION_COMMENTS = YES;
				CLANG_WARN_EMPTY_BODY = YES;
				CLANG_WARN_ENUM_CONVERSION = YES;
				CLANG_WARN_INFINITE_RECURSION = YES;
				CLANG_WARN_INT_CONVERSION = YES;
				CLANG_WARN_NON_LITERAL_NULL_CONVERSION = YES;
				CLANG_WARN_OBJC_IMPLICIT_RETAIN_SELF = YES;
				CLANG_WARN_OBJC_LITERAL_CONVERSION = YES;
				CLANG_WARN_OBJC_ROOT_CLASS = YES_ERROR;
				CLANG_WARN_RANGE_LOOP_ANALYSIS = YES;
				CLANG_WARN_STRICT_PROTOTYPES = YES;
				CLANG_WARN_SUSPICIOUS_MOVE = YES;
				CLANG_WARN_UNGUARDED_AVAILABILITY = YES_AGGRESSIVE;
				CLANG_WARN_UNREACHABLE_CODE = YES;
				CLANG_WARN__DUPLICATE_METHOD_MATCH = YES;
				CODE_SIGN_IDENTITY = "iPhone Developer";
				COPY_PHASE_STRIP = NO;
				DEBUG_INFORMATION_FORMAT = dwarf;
				ENABLE_STRICT_OBJC_MSGSEND = YES;
				ENABLE_TESTABILITY = YES;
				GCC_C_LANGUAGE_STANDARD = gnu11;
				GCC_DYNAMIC_NO_PIC = NO;
				GCC_NO_COMMON_BLOCKS = YES;
				GCC_OPTIMIZATION_LEVEL = 0;
				GCC_PREPROCESSOR_DEFINITIONS = (
					"DEBUG=1",
					"$(inherited)",
				);
				GCC_WARN_64_TO_32_BIT_CONVERSION = YES;
				GCC_WARN_ABOUT_RETURN_TYPE = YES_ERROR;
				GCC_WARN_UNDECLARED_SELECTOR = YES;
				GCC_WARN_UNINITIALIZED_AUTOS = YES_AGGRESSIVE;
				GCC_WARN_UNUSED_FUNCTION = YES;
				GCC_WARN_UNUSED_VARIABLE = YES;
				IPHONEOS_DEPLOYMENT_TARGET = 11.4;
				MTL_ENABLE_DEBUG_INFO = YES;
				ONLY_ACTIVE_ARCH = YES;
				SDKROOT = iphoneos;
				SWIFT_ACTIVE_COMPILATION_CONDITIONS = DEBUG;
				SWIFT_OPTIMIZATION_LEVEL = "-Onone";
			};
			name = Debug;
		};
		5668CAE1219C51F7009D8A12 /* Release */ = {
			isa = XCBuildConfiguration;
			buildSettings = {
				ALWAYS_SEARCH_USER_PATHS = NO;
				CLANG_ANALYZER_NONNULL = YES;
				CLANG_ANALYZER_NUMBER_OBJECT_CONVERSION = YES_AGGRESSIVE;
				CLANG_CXX_LANGUAGE_STANDARD = "gnu++14";
				CLANG_CXX_LIBRARY = "libc++";
				CLANG_ENABLE_MODULES = YES;
				CLANG_ENABLE_OBJC_ARC = YES;
				CLANG_ENABLE_OBJC_WEAK = YES;
				CLANG_WARN_BLOCK_CAPTURE_AUTORELEASING = YES;
				CLANG_WARN_BOOL_CONVERSION = YES;
				CLANG_WARN_COMMA = YES;
				CLANG_WARN_CONSTANT_CONVERSION = YES;
				CLANG_WARN_DEPRECATED_OBJC_IMPLEMENTATIONS = YES;
				CLANG_WARN_DIRECT_OBJC_ISA_USAGE = YES_ERROR;
				CLANG_WARN_DOCUMENTATION_COMMENTS = YES;
				CLANG_WARN_EMPTY_BODY = YES;
				CLANG_WARN_ENUM_CONVERSION = YES;
				CLANG_WARN_INFINITE_RECURSION = YES;
				CLANG_WARN_INT_CONVERSION = YES;
				CLANG_WARN_NON_LITERAL_NULL_CONVERSION = YES;
				CLANG_WARN_OBJC_IMPLICIT_RETAIN_SELF = YES;
				CLANG_WARN_OBJC_LITERAL_CONVERSION = YES;
				CLANG_WARN_OBJC_ROOT_CLASS = YES_ERROR;
				CLANG_WARN_RANGE_LOOP_ANALYSIS = YES;
				CLANG_WARN_STRICT_PROTOTYPES = YES;
				CLANG_WARN_SUSPICIOUS_MOVE = YES;
				CLANG_WARN_UNGUARDED_AVAILABILITY = YES_AGGRESSIVE;
				CLANG_WARN_UNREACHABLE_CODE = YES;
				CLANG_WARN__DUPLICATE_METHOD_MATCH = YES;
				CODE_SIGN_IDENTITY = "iPhone Developer";
				COPY_PHASE_STRIP = NO;
				DEBUG_INFORMATION_FORMAT = "dwarf-with-dsym";
				ENABLE_NS_ASSERTIONS = NO;
				ENABLE_STRICT_OBJC_MSGSEND = YES;
				GCC_C_LANGUAGE_STANDARD = gnu11;
				GCC_NO_COMMON_BLOCKS = YES;
				GCC_WARN_64_TO_32_BIT_CONVERSION = YES;
				GCC_WARN_ABOUT_RETURN_TYPE = YES_ERROR;
				GCC_WARN_UNDECLARED_SELECTOR = YES;
				GCC_WARN_UNINITIALIZED_AUTOS = YES_AGGRESSIVE;
				GCC_WARN_UNUSED_FUNCTION = YES;
				GCC_WARN_UNUSED_VARIABLE = YES;
				IPHONEOS_DEPLOYMENT_TARGET = 11.4;
				MTL_ENABLE_DEBUG_INFO = NO;
				SDKROOT = iphoneos;
				SWIFT_COMPILATION_MODE = wholemodule;
				SWIFT_OPTIMIZATION_LEVEL = "-O";
				VALIDATE_PRODUCT = YES;
			};
			name = Release;
		};
		5668CAE3219C51F7009D8A12 /* Debug */ = {
			isa = XCBuildConfiguration;
			buildSettings = {
				ASSETCATALOG_COMPILER_APPICON_NAME = AppIcon;
				CODE_SIGN_STYLE = Automatic;
				DEVELOPMENT_TEAM = GA4BAP9K3F;
				INFOPLIST_FILE = AppIntro/Info.plist;
				LD_RUNPATH_SEARCH_PATHS = (
					"$(inherited)",
					"@executable_path/Frameworks",
				);
				PRODUCT_BUNDLE_IDENTIFIER = www.www.abc;
				PRODUCT_NAME = "$(TARGET_NAME)";
				SWIFT_VERSION = 4.0;
				TARGETED_DEVICE_FAMILY = "1,2";
			};
			name = Debug;
		};
		5668CAE4219C51F7009D8A12 /* Release */ = {
			isa = XCBuildConfiguration;
			buildSettings = {
				ASSETCATALOG_COMPILER_APPICON_NAME = AppIcon;
				CODE_SIGN_STYLE = Automatic;
				DEVELOPMENT_TEAM = GA4BAP9K3F;
				INFOPLIST_FILE = AppIntro/Info.plist;
				LD_RUNPATH_SEARCH_PATHS = (
					"$(inherited)",
					"@executable_path/Frameworks",
				);
				PRODUCT_BUNDLE_IDENTIFIER = www.www.abc;
				PRODUCT_NAME = "$(TARGET_NAME)";
				SWIFT_VERSION = 4.0;
				TARGETED_DEVICE_FAMILY = "1,2";
			};
			name = Release;
		};
/* End XCBuildConfiguration section */

/* Begin XCConfigurationList section */
		5668CACB219C51E9009D8A12 /* Build configuration list for PBXProject "AppIntro" */ = {
			isa = XCConfigurationList;
			buildConfigurations = (
				5668CAE0219C51F7009D8A12 /* Debug */,
				5668CAE1219C51F7009D8A12 /* Release */,
			);
			defaultConfigurationIsVisible = 0;
			defaultConfigurationName = Release;
		};
		5668CAE2219C51F7009D8A12 /* Build configuration list for PBXNativeTarget "AppIntro" */ = {
			isa = XCConfigurationList;
			buildConfigurations = (
				5668CAE3219C51F7009D8A12 /* Debug */,
				5668CAE4219C51F7009D8A12 /* Release */,
			);
			defaultConfigurationIsVisible = 0;
			defaultConfigurationName = Release;
		};
/* End XCConfigurationList section */
	};
	rootObject = 5668CAC8219C51E9009D8A12 /* Project object */;
}
